
Microsoft Visual Studio Solution File, Format Version 12.00
# Visual Studio 15
VisualStudioVersion = 15.0.28010.2016
MinimumVisualStudioVersion = 10.0.40219.1
Project("{FAE04EC0-301F-11D3-BF4B-00C04F79EFBC}") = "lab 9", "lab 9\lab 9.csproj", "{D286EDC7-88A2-4ECE-88C6-074891A6BF65}"
EndProject
Global
	GlobalSection(SolutionConfigurationPlatforms) = preSolution
		Debug|Any CPU = Debug|Any CPU
		Release|Any CPU = Release|Any CPU
	EndGlobalSection
	GlobalSection(ProjectConfigurationPlatforms) = postSolution
		{D286EDC7-88A2-4ECE-88C6-074891A6BF65}.Debug|Any CPU.ActiveCfg = Debug|Any CPU
		{D286EDC7-88A2-4ECE-88C6-074891A6BF65}.Debug|Any CPU.Build.0 = Debug|Any CPU
		{D286EDC7-88A2-4ECE-88C6-074891A6BF65}.Release|Any CPU.ActiveCfg = Release|Any CPU
		{D286EDC7-88A2-4ECE-88C6-074891A6BF65}.Release|Any CPU.Build.0 = Release|Any CPU
	EndGlobalSection
	GlobalSection(SolutionProperties) = preSolution
		HideSolutionNode = FALSE
	EndGlobalSection
	GlobalSection(ExtensibilityGlobals) = postSolution
		SolutionGuid = {A2643FC2-4ABF-414D-BF0C-341C0E4D9D43}
	EndGlobalSection
EndGlobal
